github.com/DATA-DOG/go-sqlmock v1.3.3/go.mod h1:f/Ixk793poVmq4qj/V1dPUg2JEAKC73Q5eFN3EC/SaM=
github.com/M09ic/go-ntlmssp v1.2.9/go.mod h1:yMNEF6ulbFipt3CakMhcmcNVACshPRG4Ap4l00V+mMs=
github.com/andybalholm/brotli v1.0.4 h1:V7DdXeJtZscaqfNuAdSRuRFzuiKlHSC/Zh3zl9qY3JY=
github.com/andybalholm/brotli v1.0.4/go.mod h1:fO7iG3H7G2nSZ7m0zPUDn85XEX2GTukHGRSepvi9Eig=
github.com/antonmedv/expr v1.9.0 h1:j4HI3NHEdgDnN9p6oI6Ndr0G5QryMY0FNxT4ONrFDGU=
github.com/antonmedv/expr v1.9.0/go.mod h1:5qsM3oLGDND7sDmQGDXHkYfkjYMUX14qsgqmHhwGEk8=
github.com/chainreactors/files v0.2.0/go.mod h1:/Xa9YXhjBlaC33JTD6ZTJFig6pcplak2IDcovf42/6A=
github.com/chainreactors/files v0.2.3/go.mod h1:/Xa9YXhjBlaC33JTD6ZTJFig6pcplak2IDcovf42/6A=
github.com/chainreactors/files v0.2.4 h1:R0iCqjWLcwwLoSi87FpgUlpxZAd+W4ZLQF3lkoLWZi0=
github.com/chainreactors/files v0.2.4/go.mod h1:/Xa9YXhjBlaC33JTD6ZTJFig6pcplak2IDcovf42/6A=
github.com/chainreactors/go-metrics v0.0.0-20220926021830-24787b7a10f8 h1:kMFr1Hj+rkp1wBPIw2pcQvelO5GnA7r7wY3h6vJ1joA=
github.com/chainreactors/go-metrics v0.0.0-20220926021830-24787b7a10f8/go.mod h1:7NDvFERNiXsujaBPD6s4WXj52uKdfnF2zVHQtKXIEV4=
github.com/chainreactors/gogo/v2 v2.9.5-0.20221110124606-bb8c89742d4d h1:LrbxNFvUrCooEIbQd4JicGFxRCs5KNov8xjJb8b7udw=
github.com/chainreactors/gogo/v2 v2.9.5-0.20221110124606-bb8c89742d4d/go.mod h1:L8CXaQB23of7vIZaBuajfNwXBemSthOy8o4myPs4PO4=
github.com/chainreactors/ipcs v0.0.9/go.mod h1:E9M3Ohyq0TYQLlV4i2dbM9ThBZB1Nnd7Oexoie2xLII=
github.com/chainreactors/ipcs v0.0.13 h1:TZww7XRr4qZPWqy9DjBzcJgxtSUwT4TAbcho4156bRI=
github.com/chainreactors/ipcs v0.0.13/go.mod h1:E9M3Ohyq0TYQLlV4i2dbM9ThBZB1Nnd7Oexoie2xLII=
github.com/chainreactors/logs v0.6.1/go.mod h1:Y0EtAnoF0kiASIJUnXN0pcOt420iRpHOAnOhEphzRHA=
github.com/chainreactors/logs v0.6.2 h1:Yz5oayjwxO6KkjfjnmtT5WKbWjTaBdttFcneaFTpBe0=
github.com/chainreactors/logs v0.6.2/go.mod h1:Y0EtAnoF0kiASIJUnXN0pcOt420iRpHOAnOhEphzRHA=
github.com/chainreactors/parsers v0.2.6/go.mod h1:Z9weht+lnFCk7UcwqFu6lXpS7u5vttiy0AJYOAyCCLA=
github.com/chainreactors/parsers v0.2.7 h1:3iEuluL7gSDrElZWyf1KEiTgddgcoZC0IaIHb9KA3pk=
github.com/chainreactors/parsers v0.2.7/go.mod h1:Z9weht+lnFCk7UcwqFu6lXpS7u5vttiy0AJYOAyCCLA=
github.com/chainreactors/words v0.2.1 h1:yQvNnLF3VM2QBo611FhXUEr5i+O4cWY3jUvhDfAknIA=
github.com/chainreactors/words v0.2.1/go.mod h1:jRcFgafTKqdkd1+StzPCTJG1ESrZHluXEO2eERdHBMQ=
github.com/davecgh/go-spew v0.0.0-20161028175848-04cdfd42973b/go.mod h1:J7Y8YcW2NihsgmVo/mv3lAwl/skON4iLHjSsI+c5H38=
github.com/davecgh/go-spew v1.1.0/go.mod h1:J7Y8YcW2NihsgmVo/mv3lAwl/skON4iLHjSsI+c5H38=
github.com/davecgh/go-spew v1.1.1 h1:vj9j/u1bqnvCEfJOwUhtlOARqs3+rkHYY13jYWTU97c=
github.com/davecgh/go-spew v1.1.1/go.mod h1:J7Y8YcW2NihsgmVo/mv3lAwl/skON4iLHjSsI+c5H38=
github.com/gdamore/encoding v1.0.0/go.mod h1:alR0ol34c49FCSBLjhosxzcPHQbf2trDkoo5dl+VrEg=
github.com/gdamore/tcell v1.3.0/go.mod h1:Hjvr+Ofd+gLglo7RYKxxnzCBmev3BzsS67MebKS4zMM=
github.com/go-dedup/megophone v0.0.0-20170830025436-f01be21026f5 h1:4U+x+EB1P66zwYgTjxWXSOT8vF+651Ksr1lojiCZnT8=
github.com/go-dedup/megophone v0.0.0-20170830025436-f01be21026f5/go.mod h1:poR/Cp00iqtqu9ltFwl6C00sKC0HY13u/Gh05ZBmP54=
github.com/go-dedup/simhash v0.0.0-20170904020510-9ecaca7b509c h1:mucYYQn+sMGNSxidhleonzAdwL203RxhjJGnxQU4NWU=
github.com/go-dedup/simhash v0.0.0-20170904020510-9ecaca7b509c/go.mod h1:gO3u2bjRAgUaLdQd2XK+3oooxrheOAx1BzS7WmPzw1s=
github.com/go-dedup/text v0.0.0-20170907015346-8bb1b95e3cb7 h1:11wFcswN+37U+ByjxdKzsRY5KzNqqq5Uk5ztxnLOc7w=
github.com/go-dedup/text v0.0.0-20170907015346-8bb1b95e3cb7/go.mod h1:wSsK4VOECOSfSYTzkBFw+iGY7wj59e7X96ABtNj9aCQ=
github.com/gosuri/uilive v0.0.4 h1:hUEBpQDj8D8jXgtCdBu7sWsy5sbW/5GhuO8KBwJ2jyY=
github.com/gosuri/uilive v0.0.4/go.mod h1:V/epo5LjjlDE5RJUcqx8dbw+zc93y5Ya3yg8tfZ74VI=
github.com/gosuri/uiprogress v0.0.1 h1:0kpv/XY/qTmFWl/SkaJykZXrBBzwwadmW8fRb7RJSxw=
github.com/gosuri/uiprogress v0.0.1/go.mod h1:C1RTYn4Sc7iEyf6j8ft5dyoZ4212h8G1ol9QQluh5+0=
github.com/jessevdk/go-flags v1.5.0 h1:1jKYvbxEjfUl0fmqTCOfonvskHHXMjBySTLW4y9LFvc=
github.com/jessevdk/go-flags v1.5.0/go.mod h1:Fw0T6WPc1dYxT4mKEZRfG5kJhaTDP9pj1c2EWnYs/m4=
github.com/klauspost/compress v1.15.0/go.mod h1:/3/Vjq9QcHkK5uEr5lBEmyoZ1iFhe47etQ6QUkpK6sk=
github.com/klauspost/compress v1.15.10 h1:Ai8UzuomSCDw90e1qNMtb15msBXsNpH6gzkkENQNcJo=
github.com/klauspost/compress v1.15.10/go.mod h1:QPwzmACJjUTFsnSHH934V6woptycfrDDJnH7hvFVbGM=
github.com/lucasb-eyer/go-colorful v1.0.2/go.mod h1:0MS4r+7BZKSJ5mw4/S5MPN+qHFF1fYclkSPilDOKW0s=
github.com/lucasb-eyer/go-colorful v1.0.3/go.mod h1:R4dSotOR9KMtayYi1e77YzuveK+i7ruzyGqttikkLy0=
github.com/mattn/go-isatty v0.0.16 h1:bq3VjFmv/sOjHtdEhmkEV4x1AJtvUvOJ2PFAZ5+peKQ=
github.com/mattn/go-isatty v0.0.16/go.mod h1:kYGgaQfpe5nmfYZH+SKPsOc2e4SrIfOl2e/yFXSvRLM=
github.com/mattn/go-runewidth v0.0.4/go.mod h1:LwmH8dsx7+W8Uxz3IHJYH5QSwggIsqBzpuz5H//U1FU=
github.com/mattn/go-runewidth v0.0.8/go.mod h1:H031xJmbD/WCDINGzjvQ9THkh0rPKHF+m2gUSrubnMI=
github.com/panjf2000/ants/v2 v2.5.0/go.mod h1:cU93usDlihJZ5CfRGNDYsiBYvoilLvBF5Qp/BT2GNRE=
github.com/panjf2000/ants/v2 v2.6.0 h1:xOSpw42m+BMiJ2I33we7h6fYzG4DAlpE1xyI7VS2gxU=
github.com/panjf2000/ants/v2 v2.6.0/go.mod h1:cU93usDlihJZ5CfRGNDYsiBYvoilLvBF5Qp/BT2GNRE=
github.com/pmezard/go-difflib v0.0.0-20151028094244-d8ed2627bdf0/go.mod h1:iKH77koFhYxTK1pcRnkKkqfTogsbg7gZNVY4sRDYZ/4=
github.com/pmezard/go-difflib v1.0.0 h1:4DBwDE0NGyQoBHbLQYPwSUPoCMWR5BEzIk/f1lZbAQM=
github.com/pmezard/go-difflib v1.0.0/go.mod h1:iKH77koFhYxTK1pcRnkKkqfTogsbg7gZNVY4sRDYZ/4=
github.com/rivo/tview v0.0.0-20200219210816-cd38d7432498/go.mod h1:6lkG1x+13OShEf0EaOCaTQYyB7d5nSbb181KtjlS+84=
github.com/rivo/uniseg v0.1.0/go.mod h1:J6wj4VEh+S6ZtnVlnTBMWIodfgj8LQOQFoIToxlJtxc=
github.com/sanity-io/litter v1.2.0/go.mod h1:JF6pZUFgu2Q0sBZ+HSV35P8TVPI1TTzEwyu9FXAw2W4=
github.com/stretchr/objx v0.1.0/go.mod h1:HFkY916IF+rwdDfMAkV7OtwuqBVzrE8GR6GFx+wExME=
github.com/stretchr/testify v0.0.0-20161117074351-18a02ba4a312/go.mod h1:a8OnRcib4nhh0OaRAV+Yts87kKdq0PP7pXfy6kDkUVs=
github.com/stretchr/testify v1.5.1/go.mod h1:5W2xD1RspED5o8YsWQXVCued0rvSQ+mT+I5cxcmMvtA=
github.com/stretchr/testify v1.7.1 h1:5TQK59W5E3v0r2duFAb7P95B6hEeOyEnHRa8MjYSMTY=
github.com/stretchr/testify v1.7.1/go.mod h1:6Fq8oRcR53rry900zMqJjRRixrwX3KX962/h/Wwjteg=
github.com/twmb/murmur3 v1.1.6 h1:mqrRot1BRxm+Yct+vavLMou2/iJt0tNVTTC0QoIjaZg=
github.com/twmb/murmur3 v1.1.6/go.mod h1:Qq/R7NUyOfr65zD+6Q5IHKsJLwP7exErjN6lyyq3OSQ=
github.com/valyala/bytebufferpool v1.0.0 h1:GqA5TC/0021Y/b9FG4Oi9Mr3q7XYx6KllzawFIhcdPw=
github.com/valyala/bytebufferpool v1.0.0/go.mod h1:6bBcMArwyJ5K/AmCkWv1jt77kVWyCJ6HpOuEn7z0Csc=
github.com/valyala/fasthttp v1.40.0 h1:CRq/00MfruPGFLTQKY8b+8SfdK60TxNztjRMnH0t1Yc=
github.com/valyala/fasthttp v1.40.0/go.mod h1:t/G+3rLek+CyY9bnIE+YlMRddxVAAGjhxndDB4i4C0I=
github.com/valyala/tcplisten v1.0.0/go.mod h1:T0xQ8SeCZGxckz9qRXTfG43PvQ/mcWh7FwZEA7Ioqkc=
golang.org/x/crypto v0.0.0-20190308221718-c2843e01d9a2/go.mod h1:djNgcEr1/C05ACkg1iLfiJU5Ep61QUkGW8qpdssI0+w=
golang.org/x/crypto v0.0.0-20200604202706-70a84ac30bf9/go.mod h1:LzIPMQfyMNhhGPhUkYOs5KpL4U8rLKemX1yGLhDgUto=
golang.org/x/crypto v0.0.0-20220214200702-86341886e292/go.mod h1:IxCIyHEi3zRg3s0A5j5BB6A9Jmi73HwBIUl50j+osU4=
golang.org/x/net v0.0.0-20190404232315-eb5bcb51f2a3/go.mod h1:t9HGtf8HONx5eT2rtn7q6eTqICYqUVnKs3thJo3Qplg=
golang.org/x/net v0.0.0-20190603091049-60506f45cf65/go.mod h1:HSz+uSET+XFnRR8LxR5pz3Of3rY3CfYBVs4xY44aLks=
golang.org/x/net v0.0.0-20211112202133-69e39bad7dc2/go.mod h1:9nx3DQGgdP8bBQD5qxJ1jj9UTztislL4KSBs9R2vV5Y=
golang.org/x/net v0.0.0-20220225172249-27dd8689420f/go.mod h1:CfG3xpIq0wQ8r1q4Su4UZFWDARRcnwPjda9FqA0JpMk=
golang.org/x/sys v0.0.0-20190215142949-d0b11bdaac8a/go.mod h1:STP8DvDyc/dI5b8T5hshtkjS+E42TnysNCUPdjciGhY=
golang.org/x/sys v0.0.0-20190412213103-97732733099d/go.mod h1:h1NjWce9XRLGQEsW7wpKNCjG9DtNlClVuFLEZdDNbEs=
golang.org/x/sys v0.0.0-20190626150813-e07cf5db2756/go.mod h1:h1NjWce9XRLGQEsW7wpKNCjG9DtNlClVuFLEZdDNbEs=
golang.org/x/sys v0.0.0-20200212091648-12a6c2dcc1e4/go.mod h1:h1NjWce9XRLGQEsW7wpKNCjG9DtNlClVuFLEZdDNbEs=
golang.org/x/sys v0.0.0-20201119102817-f84b799fce68/go.mod h1:h1NjWce9XRLGQEsW7wpKNCjG9DtNlClVuFLEZdDNbEs=
golang.org/x/sys v0.0.0-20210320140829-1e4c9ba3b0c4/go.mod h1:h1NjWce9XRLGQEsW7wpKNCjG9DtNlClVuFLEZdDNbEs=
golang.org/x/sys v0.0.0-20210423082822-04245dca01da/go.mod h1:h1NjWce9XRLGQEsW7wpKNCjG9DtNlClVuFLEZdDNbEs=
golang.org/x/sys v0.0.0-20210615035016-665e8c7367d1/go.mod h1:oPkhp1MJrh7nUepCBck5+mAzfO9JrbApNNgaTdGDITg=
golang.org/x/sys v0.0.0-20211216021012-1d35b9e2eb4e/go.mod h1:oPkhp1MJrh7nUepCBck5+mAzfO9JrbApNNgaTdGDITg=
golang.org/x/sys v0.0.0-20220209214540-3681064d5158/go.mod h1:oPkhp1MJrh7nUepCBck5+mAzfO9JrbApNNgaTdGDITg=
golang.org/x/sys v0.0.0-20220227234510-4e6760a101f9/go.mod h1:oPkhp1MJrh7nUepCBck5+mAzfO9JrbApNNgaTdGDITg=
golang.org/x/sys v0.0.0-20220811171246-fbc7d0a398ab/go.mod h1:oPkhp1MJrh7nUepCBck5+mAzfO9JrbApNNgaTdGDITg=
golang.org/x/sys v0.2.0 h1:ljd4t30dBnAvMZaQCevtY0xLLD0A+bRZXbgLMLU1F/A=
golang.org/x/sys v0.2.0/go.mod h1:oPkhp1MJrh7nUepCBck5+mAzfO9JrbApNNgaTdGDITg=
golang.org/x/term v0.0.0-20201126162022-7de9c90e9dd1/go.mod h1:bj7SfCRtBDWHUb9snDiAeCFNEtKQo2Wmx5Cou7ajbmo=
golang.org/x/term v0.0.0-20210927222741-03fcf44c2211/go.mod h1:jbD1KX2456YbFQfuXm/mYQcufACuNUgVhRMnK/tPxf8=
golang.org/x/text v0.3.0/go.mod h1:NqM8EUOU14njkJ3fqMW+pc6Ldnwhi/IjpwHt7yyuwOQ=
golang.org/x/text v0.3.2/go.mod h1:bEr9sfX3Q8Zfm5fL9x+3itogRgK3+ptLWKqgva+5dAk=
golang.org/x/text v0.3.6/go.mod h1:5Zoc/QRtKVWzQhOtBMvqHzDpF6irO9z98xDceosuGiQ=
golang.org/x/text v0.3.7/go.mod h1:u+2+/6zg+i71rQMx5EYifcz6MCKuco9NR6JIITiCfzQ=
golang.org/x/tools v0.0.0-20180917221912-90fa682c2a6e/go.mod h1:n7NCudcB/nEzxVGmLbDWY5pfWTLqBcC2KZ6jyYvM4mQ=
gopkg.in/check.v1 v0.0.0-20161208181325-20d25e280405/go.mod h1:Co6ibVJAznAaIkqp8huTwlJQCZ016jof/cbN4VW5Yz0=
gopkg.in/yaml.v2 v2.2.2/go.mod h1:hI93XBmqTisBFMUTm0b8Fm+jr3Dg1NNxqwp+5A1VGuI=
gopkg.in/yaml.v3 v3.0.0-20200313102051-9f266ea9e77c/go.mod h1:K4uyk7z7BCEPqu6E+C64Yfv1cQ7kz7rIZviUmN+EgEM=
gopkg.in/yaml.v3 v3.0.0-20210107192922-496545a6307b/go.mod h1:K4uyk7z7BCEPqu6E+C64Yfv1cQ7kz7rIZviUmN+EgEM=
gopkg.in/yaml.v3 v3.0.1 h1:fxVm/GzAzEWqLHuvctI91KS9hhNmmWOoWu0XTYJS7CA=
gopkg.in/yaml.v3 v3.0.1/go.mod h1:K4uyk7z7BCEPqu6E+C64Yfv1cQ7kz7rIZviUmN+EgEM=
